# This file is generated by running "yarn install" inside your project.
# Manual changes might be lost - proceed with caution!

__metadata:
  version: 4

"@types/color-name@npm:^1.1.1":
  version: 1.1.1
  resolution: "@types/color-name@npm:1.1.1"
  checksum: da161751cf550d06d01c7969b9b332fc83727d18410ad7d01c86899b14845dd2f180789f79701fa9826f193aa72ec0f25c6a21ffc81059d57b9c186ff319242d
  languageName: node
  linkType: hard

"@types/fs-extra@npm:^8.0.1":
  version: 8.0.1
  resolution: "@types/fs-extra@npm:8.0.1"
  dependencies:
    "@types/node": "*"
  checksum: eec793f6c7d73c3dedc88c727e0ba0639cb60fb9d40d381178b402131653dc81afe38ac7e08a7149cdd79db4074ae5e4780bb6c43202c355acc4ae48ab5e540e
  languageName: node
  linkType: hard

"@types/node@npm:*, @types/node@npm:^12.12.25":
  version: 12.12.25
  resolution: "@types/node@npm:12.12.25"
  checksum: 2bc6bd1139551e403c9c00e002bbe66a7771084b68eb1c38ee9077aa13689e20c097a7c7fdb08adf6a1245863cd363d8d66d2b3fe6f00ae1ae3b3cf539827f73
  languageName: node
  linkType: hard

"@types/yargs-parser@npm:*":
  version: 15.0.0
  resolution: "@types/yargs-parser@npm:15.0.0"
  checksum: ffcd7ce166ef69e456f85190b3d39b5bac1a65c4c3cfc3008572ba58747d5f09c5b4c250fe0e41a146997f4d02157c1a658026049b76ff1070472ca44a5b0554
  languageName: node
  linkType: hard

"@types/yargs@npm:^15.0.1":
  version: 15.0.1
  resolution: "@types/yargs@npm:15.0.1"
  dependencies:
    "@types/yargs-parser": "*"
  checksum: 9a39eb3e39121c568fd99bb5de52d388511ea1582cf4580cb72caa63d441f1e1af5ae4cf3f55915be8830b00a34b524d01f5e7632255b5797877cfaa3bd5d1c6
  languageName: node
  linkType: hard

"@yarnpkg/fslib@npm:^2.0.0-rc.15":
  version: 2.0.0-rc.15
  resolution: "@yarnpkg/fslib@npm:2.0.0-rc.15"
  dependencies:
    "@yarnpkg/libzip": ^2.0.0-rc.8
    tmp: ^0.1.0
  checksum: 5ca7045c6802038d20744a8c1d8da8bc8c433239932f9ab7ece93554614b2d7d1b0d4fcabc341a84911977b55d91997c6eb273cd83b07e5931e7301daba2eee7
  languageName: node
  linkType: hard

"@yarnpkg/libzip@npm:^2.0.0-rc.8":
  version: 2.0.0-rc.9
  resolution: "@yarnpkg/libzip@npm:2.0.0-rc.9"
  checksum: 801f8b2a1e86cc4b8c162de16192b9c799f6108bd5350865892121be84b3f864b9c609f3481d1b1f5b9ce63db2cd17e8cc830031103760784ccb5a8e0123e4a4
  languageName: node
  linkType: hard

"@yarnpkg/pnpify@npm:^2.0.0-rc.16":
  version: 2.0.0-rc.16
  resolution: "@yarnpkg/pnpify@npm:2.0.0-rc.16"
  dependencies:
    "@yarnpkg/fslib": ^2.0.0-rc.15
    comment-json: ^2.2.0
    cross-spawn: ^6.0.5
  peerDependencies:
    eslint: "*"
    typescript: "*"
  peerDependenciesMeta:
    eslint:
      optional: true
    typescript:
      optional: true
  bin:
    pnpify: ./lib/cli.js
  checksum: 32b4f7f440317d5e35306f308e63f64dba89e869784f505346c2f0ca0c4f5815b48de0deda83472bd2d7f7bc25334e5db48ad3468b63f6a2b1052c52b2b80651
  languageName: node
  linkType: hard

"ansi-regex@npm:^5.0.0":
  version: 5.0.0
  resolution: "ansi-regex@npm:5.0.0"
  checksum: 884c5483a014e5119d7b0d93febfcfb0355f9a20bf7c49819f8989f309520d97cb99834d587d3f05b913ff2638ee71dbb47666ad83cac7a05238e8e107266ccc
  languageName: node
  linkType: hard

"ansi-styles@npm:^4.0.0":
  version: 4.2.1
  resolution: "ansi-styles@npm:4.2.1"
  dependencies:
    "@types/color-name": ^1.1.1
    color-convert: ^2.0.1
  checksum: a5dc6539f0428013cc3873deed8f32cf1f3dda7db48364d52796b5ed8aa9f6754042c711f9c7029b9104c172949d208efc54141f5b29118638cdadf13f7b0122
  languageName: node
  linkType: hard

"balanced-match@npm:^1.0.0":
  version: 1.0.0
  resolution: "balanced-match@npm:1.0.0"
  checksum: 6a1a4021cc9cb35182852582ed42470041430842bbc9d3dfad9536fca203281e4bc6316a017a0b876df0acb8d0d83daa22d5c6483108869c0895582525af9f60
  languageName: node
  linkType: hard

"berry-ecosystem-check@workspace:.":
  version: 0.0.0-use.local
  resolution: "berry-ecosystem-check@workspace:."
  dependencies:
    "@types/fs-extra": ^8.0.1
    "@types/node": ^12.12.25
    "@types/yargs": ^15.0.1
    "@yarnpkg/pnpify": ^2.0.0-rc.16
    fs-extra: ^8.1.0
    prettier: ^1.19.1
    typescript: ^3.7.5
    yargs: ^15.1.0
  languageName: unknown
  linkType: soft

"brace-expansion@npm:^1.1.7":
  version: 1.1.11
  resolution: "brace-expansion@npm:1.1.11"
  dependencies:
    balanced-match: ^1.0.0
    concat-map: 0.0.1
  checksum: 6bf044764309bad6d15c6eabc39e93701643b00192439251afe8b4e0c08f941b840f3c8844b163fc307111459121712fb74e40073ddffb0358f8a640f14ba7b1
  languageName: node
  linkType: hard

"camelcase@npm:^5.0.0":
  version: 5.3.1
  resolution: "camelcase@npm:5.3.1"
  checksum: 58f271afe62d5396a5a2d28cbbeb3520732763d3c005e295225d48a58408d44575bf92475cd828f597790725f1be43aa08e623b65bdffb5619f16fb402773bb6
  languageName: node
  linkType: hard

"cliui@npm:^6.0.0":
  version: 6.0.0
  resolution: "cliui@npm:6.0.0"
  dependencies:
    string-width: ^4.2.0
    strip-ansi: ^6.0.0
    wrap-ansi: ^6.2.0
  checksum: 8ad0d73408226df4738c86b3d8eca317251befe396da017b72f6568f3eefc76ebd09a255cbbcd842c947e9eb44536f0fa4feaf1ab8816d545bce944536ba2faf
  languageName: node
  linkType: hard

"color-convert@npm:^2.0.1":
  version: 2.0.1
  resolution: "color-convert@npm:2.0.1"
  dependencies:
    color-name: ~1.1.4
  checksum: bc4adfdbb1e3a3353aa56adbe1e0f50085a63c0296b31c30bc4500daf49f9fe21248d6078e2236832840e0dea8c7ce2c0d6e783e04bc0c31fc9d230f166891b6
  languageName: node
  linkType: hard

"color-name@npm:~1.1.4":
  version: 1.1.4
  resolution: "color-name@npm:1.1.4"
  checksum: 43b24807a5b89efc7ac953fbac98a18e79b09b0bd610f45525eb79ca33e1c6230497027a30dc437448b9c719989fc0c328f75b8b61e2345700e99d1e643a6633
  languageName: node
  linkType: hard

"comment-json@npm:^2.2.0":
  version: 2.4.1
  resolution: "comment-json@npm:2.4.1"
  dependencies:
    core-util-is: ^1.0.2
    esprima: ^4.0.1
    has-own-prop: ^2.0.0
    repeat-string: ^1.6.1
  checksum: 2bc140427c55d7438a60e01a0d3a3ce570eeb33f03a0e02e06dc0343d12489067e30483fb23768fac1a158585db4a1342941c882355432cd479160295fb52cdd
  languageName: node
  linkType: hard

"concat-map@npm:0.0.1":
  version: 0.0.1
  resolution: "concat-map@npm:0.0.1"
  checksum: b295d07d6ac4f0e3fe511fce7ac74c5f6583e67bace249c32c6b2baa44b2c6220c7c177c9e44954485f37b7e7ec6a6a231447b62137d0fb56b44a7e871ac33e3
  languageName: node
  linkType: hard

"core-util-is@npm:^1.0.2":
  version: 1.0.2
  resolution: "core-util-is@npm:1.0.2"
  checksum: b2aeb723279455a85125383b7067e66d650187adee4151b6587bc28d8334c9d5ebbc6e4bd6c344355191865e1add46fdec83f2a7f4d83889cfe7e586d9fd50b6
  languageName: node
  linkType: hard

"cross-spawn@npm:^6.0.5":
  version: 6.0.5
  resolution: "cross-spawn@npm:6.0.5"
  dependencies:
    nice-try: ^1.0.4
    path-key: ^2.0.1
    semver: ^5.5.0
    shebang-command: ^1.2.0
    which: ^1.2.9
  checksum: 5103fd3ec3c3d914d78190d1b7021bcca3f66d1c35008f67a696884a7d8c74a415158110436610abaae044d7351ecf8d71bb66872e88bbd80525b013b5b44256
  languageName: node
  linkType: hard

"decamelize@npm:^1.2.0":
  version: 1.2.0
  resolution: "decamelize@npm:1.2.0"
  checksum: b4f9874e4777db39289cfe0d34d079df9531b10b50290ec8443e342faa840abbd1e7003ea0d735e03ea143d0bb34151afcb3711e7bc02fdcf19fe002683699ba
  languageName: node
  linkType: hard

"emoji-regex@npm:^8.0.0":
  version: 8.0.0
  resolution: "emoji-regex@npm:8.0.0"
  checksum: 3e1ff841d2a953a2ca43e16fb22c7d8a2ca9dd73da4a3f275036863036dbc4d88c08780f1c6539f39869eec9c165a0f0c5ce04514634eae69e3cecf8b34448a7
  languageName: node
  linkType: hard

"esprima@npm:^4.0.1":
  version: 4.0.1
  resolution: "esprima@npm:4.0.1"
  bin:
    esparse: ./bin/esparse.js
    esvalidate: ./bin/esvalidate.js
  checksum: a9bec67e9a3dfccc29a2d54c65a3210129668b3eeae7fe296145bc564c963c4d1d7be101dd13fbe65000414ac07f35bd2f85ac9d3254016e5a2f3aa13d18caf1
  languageName: node
  linkType: hard

"find-up@npm:^4.1.0":
  version: 4.1.0
  resolution: "find-up@npm:4.1.0"
  dependencies:
    locate-path: ^5.0.0
    path-exists: ^4.0.0
  checksum: 5dc0fb61547dfbf3d0b1434b33d8185d965e2a9b8d189de6c29c86382d2cc2bd450f0d6094a862f34b2c9dbf8163e40a78fe03fd6b2d6bdc300d3da3393fc6fa
  languageName: node
  linkType: hard

"fs-extra@npm:^8.1.0":
  version: 8.1.0
  resolution: "fs-extra@npm:8.1.0"
  dependencies:
    graceful-fs: ^4.2.0
    jsonfile: ^4.0.0
    universalify: ^0.1.0
  checksum: fe173c88b1daa8f1e26001fd55c0a659087b5507ca2f8188ee3ae01d090f0c44d083fe6b56414d5fe744cd3414570aab4dfed884c05f6a91cdddd3d9084cc3f6
  languageName: node
  linkType: hard

"fs.realpath@npm:^1.0.0":
  version: 1.0.0
  resolution: "fs.realpath@npm:1.0.0"
  checksum: 7838256cafb93ee7a40754e7fdcae9c6e57b12528e22ae51a10bc6161ad6a647931dd99aa95ddf3a4ce8501766f78e57a56ed010043dddf8dddb4ad5af616acb
  languageName: node
  linkType: hard

"get-caller-file@npm:^2.0.1":
  version: 2.0.5
  resolution: "get-caller-file@npm:2.0.5"
  checksum: 34fbf61ee9adc7504115743a19829427885d5d5713bd31c86f3a5839362925e3b579d61cf3e30250fad9ed16d02d957d8dfc0a13f7111f5b1f763d35c6f0a1a8
  languageName: node
  linkType: hard

"glob@npm:^7.1.3":
  version: 7.1.6
  resolution: "glob@npm:7.1.6"
  dependencies:
    fs.realpath: ^1.0.0
    inflight: ^1.0.4
    inherits: 2
    minimatch: ^3.0.4
    once: ^1.3.0
    path-is-absolute: ^1.0.0
  checksum: 1e4476a9b7a81eec0bcfee78de4c27a40d2bde349eb04a63c58636acf8dc5ad8c68bc47c841bf7de5fde22696b1d2a737ada65e66c2359a0b3195fafc1316814
  languageName: node
  linkType: hard

"graceful-fs@npm:^4.1.6, graceful-fs@npm:^4.2.0":
  version: 4.2.3
  resolution: "graceful-fs@npm:4.2.3"
  checksum: ed0570de762f98ddeaff67a54375d9869eda6ac5fd0c55e1783ce13fbf8ed3c6f1243bc459a7c848d20a916e20985c0c80a544f18a2a9a14ab8dee4a77285fcd
  languageName: node
  linkType: hard

"has-own-prop@npm:^2.0.0":
  version: 2.0.0
  resolution: "has-own-prop@npm:2.0.0"
  checksum: 4827d2a15aec3cc55742eab2703a57fde43f962f4e29086413e43e326885727a38422c020a050cd2ac485918127669cda7372bc64acabd1c3b09922e9aa8f8d2
  languageName: node
  linkType: hard

"inflight@npm:^1.0.4":
  version: 1.0.6
  resolution: "inflight@npm:1.0.6"
  dependencies:
    once: ^1.3.0
    wrappy: 1
  checksum: 4ae4f2a43120647487d1650aaecd81044692397040d46d38257c349f142889be56ffb23f599c09dadc4287baeb4f3381e304e7eef111d7c7fec00def06111c4c
  languageName: node
  linkType: hard

"inherits@npm:2":
  version: 2.0.4
  resolution: "inherits@npm:2.0.4"
  checksum: d11734fde3095ce63e83a4be33779c8597b0c95edec3efcadf9a78a9312a520028e25acb2d126656005791550f9f2e17de3ea6abeb026fa24627401e5e174d6c
  languageName: node
  linkType: hard

"is-fullwidth-code-point@npm:^3.0.0":
  version: 3.0.0
  resolution: "is-fullwidth-code-point@npm:3.0.0"
  checksum: 143a5d768317b143e837c46f28653d3ec6bfa945092b92f3255ac72d175c36c6f160b1433e3200086de9ba0b6dbb86fd9d869887ec2bce86e5d656c4cffae4ce
  languageName: node
  linkType: hard

"isexe@npm:^2.0.0":
  version: 2.0.0
  resolution: "isexe@npm:2.0.0"
  checksum: 1f6f7ccf6206a544097e27f04018fbd4fdb45d71eadac305d4b60cc18668d35c970d3c0bfadc4b348dd603d5536496a5634dd5f64792ea5e745c62cbc0ce9730
  languageName: node
  linkType: hard

"jsonfile@npm:^4.0.0":
  version: 4.0.0
  resolution: "jsonfile@npm:4.0.0"
  dependencies:
    graceful-fs: ^4.1.6
  dependenciesMeta:
    graceful-fs:
      optional: true
  checksum: a90ca8a5bde33b9ff0ce4bf5a6a5f6c418cdf50af218b8719e3a49f7804e98b7552717ab7eb4870684673529dee42b12e3a22753facda1baca40960b4ab14a52
  languageName: node
  linkType: hard

"locate-path@npm:^5.0.0":
  version: 5.0.0
  resolution: "locate-path@npm:5.0.0"
  dependencies:
    p-locate: ^4.1.0
  checksum: e83014b8ff0ce5046a88748a04abe2340bcc858f1ab5df98b52c47f6e58d4abc10de0abff47964961991e255c316ef71c4271707b5f6b2afc203ca6fe3945b00
  languageName: node
  linkType: hard

"minimatch@npm:^3.0.4":
  version: 3.0.4
  resolution: "minimatch@npm:3.0.4"
  dependencies:
    brace-expansion: ^1.1.7
  checksum: c32249a40b1dbbb8d836495877d91874fcf6ce9c287409c41bcb3efe5ad67e21512a459a4ae3ce9b32e1df376c1cde14cbe9fe3ba17f703c2b253993577f4ccf
  languageName: node
  linkType: hard

"nice-try@npm:^1.0.4":
  version: 1.0.5
  resolution: "nice-try@npm:1.0.5"
  checksum: 67ed974ae082d8efabbd1e4c0b052bb651efd43db7efba36ef2f32699bafae51bfd5f7bab8ae2ba528f060943e902fb42d5b9c68b8ea0e432246beac8ea2360c
  languageName: node
  linkType: hard

"once@npm:^1.3.0":
  version: 1.4.0
  resolution: "once@npm:1.4.0"
  dependencies:
    wrappy: 1
  checksum: 47a04404e9aa3a209a7e536b199780fe75aba04df0a035b221285f2f703d0ab58286ffb402ff7cb5a3b894d0e86685eb4fc2766ce7a19555c14221437f248c03
  languageName: node
  linkType: hard

"p-limit@npm:^2.2.0":
  version: 2.2.2
  resolution: "p-limit@npm:2.2.2"
  dependencies:
    p-try: ^2.0.0
  checksum: 6e308b5ac80d62e7a8c07ac8a884bc34858aeeed21d518640445e5005f9092678a5180793958f1b84f93cd8dfa8a145c893712e3db83510ba383f34570c3f600
  languageName: node
  linkType: hard

"p-locate@npm:^4.1.0":
  version: 4.1.0
  resolution: "p-locate@npm:4.1.0"
  dependencies:
    p-limit: ^2.2.0
  checksum: eed19482049fc083c37d7030dd05e9af5b8885f647219953a7fd36c3fba0da317b35aed3d2ec40ffce20a1396e93713156335c24c9f2e42a7e4989cc5fe41468
  languageName: node
  linkType: hard

"p-try@npm:^2.0.0":
  version: 2.2.0
  resolution: "p-try@npm:2.2.0"
  checksum: e7dceba546bcab1c72a4c1c8af45c7017e93dcafc4bdd9bd7e78d3b155a7e74cd0ec5277f2039cbc0d538050de1cfa52e8a157a3a741c0a6de870e0f5b03da33
  languageName: node
  linkType: hard

"path-exists@npm:^4.0.0":
  version: 4.0.0
  resolution: "path-exists@npm:4.0.0"
  checksum: ff4ff199da8d9ea52a203b87b134c0ae3719420aee3c0779df23f8712e91792a56b26edbe6ae81c480ab0fd23f81f59c312f80732f7122ffcdb354490c75c6fb
  languageName: node
  linkType: hard

"path-is-absolute@npm:^1.0.0":
  version: 1.0.1
  resolution: "path-is-absolute@npm:1.0.1"
  checksum: 0e197d7cfa28209bce077b65646e21beb9a9980cc2b57efa4a4bf3b3331ec003f823bfec0948326264a2cbc57645a666cf911eb5d949d627d9e788280cccaa07
  languageName: node
  linkType: hard

"path-key@npm:^2.0.1":
  version: 2.0.1
  resolution: "path-key@npm:2.0.1"
  checksum: c89ee103cdc74ba8a5772cb56e9f1346cc7eae0789c4f9cb01ba5e6d501c2642900538e444ba26284a3a52fc01b9f1d70c7270d638c3cf37c25958ebf860be4e
  languageName: node
  linkType: hard

"prettier@npm:^1.19.1":
  version: 1.19.1
  resolution: "prettier@npm:1.19.1"
  bin:
    prettier: ./bin-prettier.js
  checksum: 0b8665fa22259378feaf46a54a559a09bd2c367e6391015af5068e88c6fb8d96e20afc56a6a6b2bac2eb0ad1ad26302ea634377e6397eca09301f64b01f3021a
  languageName: node
  linkType: hard

"repeat-string@npm:^1.6.1":
  version: 1.6.1
  resolution: "repeat-string@npm:1.6.1"
  checksum: ef9617af35ea90f6fbd5794810a854d91205ed20ec017e9dfdf9973d625a3fa6f7b486be340f8155b46e53ef972a346c27fa7187393f61b5cb5b331afba16187
  languageName: node
  linkType: hard

"require-directory@npm:^2.1.1":
  version: 2.1.1
  resolution: "require-directory@npm:2.1.1"
  checksum: 7af7d1bd006a28164bdc6f774be413700bdbd817c9c96857fe6018f8ae804b8faef040ca77dfba9606d08b5ef1c623516aaa677d43c754a2810a3a83deef9ee7
  languageName: node
  linkType: hard

"require-main-filename@npm:^2.0.0":
  version: 2.0.0
  resolution: "require-main-filename@npm:2.0.0"
  checksum: 6c4488028860b4769145fdb61eaa2a666cd65da1d8bb38bed7eced5a0a6da44f16d3324a0fe17b444cb3832201d0f08186d4e5b7f568b836124287356b19068a
  languageName: node
  linkType: hard

"rimraf@npm:^2.6.3":
  version: 2.7.1
  resolution: "rimraf@npm:2.7.1"
  dependencies:
    glob: ^7.1.3
  bin:
    rimraf: ./bin.js
  checksum: 580678159cca56caf1a5600414716c66ffae68e2c8e31991080f304cf19a3c6b84983cd11405da22bd8b508dd60d492d573bb4e76b7ac8c080cf03f54fcb529e
  languageName: node
  linkType: hard

"semver@npm:^5.5.0":
  version: 5.7.1
  resolution: "semver@npm:5.7.1"
  bin:
    semver: ./bin/semver
  checksum: dce4680e58a60e12fd7ec1f274635267206e466eaca54e3238f7c49baf33ba07aae8fe8f002a0cf6ec3e8c6f1ccbf158e8f59acc89c1777063e93eb239fe8b76
  languageName: node
  linkType: hard

"set-blocking@npm:^2.0.0":
  version: 2.0.0
  resolution: "set-blocking@npm:2.0.0"
  checksum: f8215d87051e3ace26fef38cefcaed923a20de15bda373ddcc6d1e8cc9f32d27aade1824847e2a4188261005f20fba05485b76f6e1b39d9d099ad1a50e677181
  languageName: node
  linkType: hard

"shebang-command@npm:^1.2.0":
  version: 1.2.0
  resolution: "shebang-command@npm:1.2.0"
  dependencies:
    shebang-regex: ^1.0.0
  checksum: 3d830f3ad0c796f671ad3a8a0ed9ac75a52b21a2f0cfc1e0675fb4d0530e332b10a3b0171f63ef6a2efa14dd7f92a3d03c49927afc9b3529830628671fade78a
  languageName: node
  linkType: hard

"shebang-regex@npm:^1.0.0":
  version: 1.0.0
  resolution: "shebang-regex@npm:1.0.0"
  checksum: fba9381f369e3e5e30e4e1353164243575a82f9b4b0010fc43dab33e7341d86032f9fdc6aa2d122f0737fce69a3c6544c295d9787aa4d522bc24ac1fcaac69d6
  languageName: node
  linkType: hard

"string-width@npm:^4.1.0, string-width@npm:^4.2.0":
  version: 4.2.0
  resolution: "string-width@npm:4.2.0"
  dependencies:
    emoji-regex: ^8.0.0
    is-fullwidth-code-point: ^3.0.0
    strip-ansi: ^6.0.0
  checksum: fed90c61ba394f28c0a0168b7a18ef90fd5e7ca2c145d0b8dcf946f2682322e2f2d901af523a795dec40654866e79a8922dd39904b39c6ed8cf32c7c722f39eb
  languageName: node
  linkType: hard

"strip-ansi@npm:^6.0.0":
  version: 6.0.0
  resolution: "strip-ansi@npm:6.0.0"
  dependencies:
    ansi-regex: ^5.0.0
  checksum: 19073b33d33745839a49d72239f92fec3a2a52e18cac22b3f4db3d1f90912d685883bc4428fc23aa1d393b35edcca4cb53c6587ff47931420554ddb65806e94a
  languageName: node
  linkType: hard

"tmp@npm:^0.1.0":
  version: 0.1.0
  resolution: "tmp@npm:0.1.0"
  dependencies:
    rimraf: ^2.6.3
  checksum: e3ddd8c38655efe4668abd1a103b61c78c28ae59e938fbb21537809cdf74f71fd5ccfe8f7e52be7386d78c091a1782ae950d4d020021c46f23fb28d021109b00
  languageName: node
  linkType: hard

typescript@^3.7.5:
  version: 3.7.5
  resolution: "typescript@npm:3.7.5"
  bin:
    tsc: bin/tsc
    tsserver: bin/tsserver
  checksum: d95ec853853af51cd766dd56b2495a18893b1a137ba317e10ef35fa4fcfb94e6b84cec6593fd44b67a16efd645619e990f09428cce7caf8cd3d26e736e1f0037
  languageName: node
  linkType: hard

"typescript@patch:typescript@^3.7.5#builtin<compat/typescript>":
  version: 3.7.5
  resolution: "typescript@patch:typescript@npm%3A3.7.5#builtin<compat/typescript>::version=3.7.5&hash=226bd1"
  bin:
    tsc: bin/tsc
    tsserver: bin/tsserver
  checksum: de497e57cffec3ddf3cd6b7e96d62aaeaad18fccee70e8f63bea194210578e74d0c2ec2c1471851c91ce6c2030cca3ce35cf7d10beb2c016de3724e182935333
  languageName: node
  linkType: hard

"universalify@npm:^0.1.0":
  version: 0.1.2
  resolution: "universalify@npm:0.1.2"
  checksum: d42e93c813408da203add373e208b4ee98a68dfa8832b84a9f116babf7610637cf569d20964d23227b4a7ad960477ae78144b4b119b999442813957b8cedabcc
  languageName: node
  linkType: hard

"which-module@npm:^2.0.0":
  version: 2.0.0
  resolution: "which-module@npm:2.0.0"
  checksum: 1f90d98b64a16da8cc614ae7373df97973ded10ae3b0ef3fe6e9a836f6a46dad77d99b6148791fd4191d45a42a7481fc952414650a896494d2d04448e568e905
  languageName: node
  linkType: hard

"which@npm:^1.2.9":
  version: 1.3.1
  resolution: "which@npm:1.3.1"
  dependencies:
    isexe: ^2.0.0
  bin:
    which: ./bin/which
  checksum: 8c639095289e694cbce93f17662e56f740ceafb8d73cdccf0d2b2968df0e8b9c8ddf16f44711d1d5a5efe4d2091cb3ca06d1afa2db359df48588a71a4b60d0c6
  languageName: node
  linkType: hard

"wrap-ansi@npm:^6.2.0":
  version: 6.2.0
  resolution: "wrap-ansi@npm:6.2.0"
  dependencies:
    ansi-styles: ^4.0.0
    string-width: ^4.1.0
    strip-ansi: ^6.0.0
  checksum: 22aebc89eaffcb5ccf10b123c4fe119a497d40a08a89dc7f0d22b939e5f4b556b2d0a36654c2798c40ad7d16cf3249fc7c1644bf9c9ce577598195f80b2e9f9a
  languageName: node
  linkType: hard

"wrappy@npm:1":
  version: 1.0.2
  resolution: "wrappy@npm:1.0.2"
  checksum: 0796da084f06bced2351fed9686a7211f4a4b774a7a3b64c7ead1b3bef162b1721f2a1d3fb1268bf2e848c9d743eca189c2a243159a1512d5dfab4b0d4dd60b5
  languageName: node
  linkType: hard

"y18n@npm:^4.0.0":
  version: 4.0.0
  resolution: "y18n@npm:4.0.0"
  checksum: f3fcafde11e668d66a061d4cdb49243a2cac83012193666941728d6e8002e2022c22c3ac318123b2ff84d8c99ff4c0b0764e2ac6dfd8c8df3488305724387f78
  languageName: node
  linkType: hard

"yargs-parser@npm:^16.1.0":
  version: 16.1.0
  resolution: "yargs-parser@npm:16.1.0"
  dependencies:
    camelcase: ^5.0.0
    decamelize: ^1.2.0
  checksum: a4354a7832e8808e4eb39eaef4cd1915682ba8bfc7ba1ef03ef918c6e7f6918bfe108f70c202c4aa848d3a21054c6cb063e034b94c6a389bed72712c778a40db
  languageName: node
  linkType: hard

"yargs@npm:^15.1.0":
  version: 15.1.0
  resolution: "yargs@npm:15.1.0"
  dependencies:
    cliui: ^6.0.0
    decamelize: ^1.2.0
    find-up: ^4.1.0
    get-caller-file: ^2.0.1
    require-directory: ^2.1.1
    require-main-filename: ^2.0.0
    set-blocking: ^2.0.0
    string-width: ^4.2.0
    which-module: ^2.0.0
    y18n: ^4.0.0
    yargs-parser: ^16.1.0
  checksum: 9638d140ce894d9469570187a733009082cf5e2f20e774b782270e0428749cfcc30ac4b9328cad9f410a7c2dc3593684cda5f8ae65fb799df665c463c7ebc91c
  languageName: node
  linkType: hard
